
Microsoft Visual Studio Solution File, Format Version 12.00
# Visual Studio Version 16
VisualStudioVersion = 16.0.31313.79
MinimumVisualStudioVersion = 10.0.40219.1
Project("{9A19103F-16F7-4668-BE54-9A1E7A4F7556}") = "Curso Design Patterns", "Curso Design Patterns\Curso Design Patterns.csproj", "{EFB6536F-D6F7-4E1F-9D8A-FC33DD45320B}"
EndProject
Global
	GlobalSection(SolutionConfigurationPlatforms) = preSolution
		Debug|Any CPU = Debug|Any CPU
		Release|Any CPU = Release|Any CPU
	EndGlobalSection
	GlobalSection(ProjectConfigurationPlatforms) = postSolution
		{EFB6536F-D6F7-4E1F-9D8A-FC33DD45320B}.Debug|Any CPU.ActiveCfg = Debug|Any CPU
		{EFB6536F-D6F7-4E1F-9D8A-FC33DD45320B}.Debug|Any CPU.Build.0 = Debug|Any CPU
		{EFB6536F-D6F7-4E1F-9D8A-FC33DD45320B}.Release|Any CPU.ActiveCfg = Release|Any CPU
		{EFB6536F-D6F7-4E1F-9D8A-FC33DD45320B}.Release|Any CPU.Build.0 = Release|Any CPU
	EndGlobalSection
	GlobalSection(SolutionProperties) = preSolution
		HideSolutionNode = FALSE
	EndGlobalSection
	GlobalSection(ExtensibilityGlobals) = postSolution
		SolutionGuid = {5799EBC6-38D6-473A-8BEF-6F810847F299}
	EndGlobalSection
EndGlobal
